
Microsoft Visual Studio Solution File, Format Version 12.00
# Visual Studio 14
VisualStudioVersion = 14.0.25420.1
MinimumVisualStudioVersion = 10.0.40219.1
Project("{FAE04EC0-301F-11D3-BF4B-00C04F79EFBC}") = "BouncyCastles.WebUI", "BouncyCastles.WebUI\BouncyCastles.WebUI.csproj", "{5CEE2C04-3BBD-4D64-BD6C-CA8513DA47CE}"
EndProject
Project("{FAE04EC0-301F-11D3-BF4B-00C04F79EFBC}") = "BouncyCastles.WebUI.Tests", "BouncyCastles.WebUI.Tests\BouncyCastles.WebUI.Tests.csproj", "{94F476FC-51BB-49A6-BFA5-1B4DB6F8B212}"
EndProject
Project("{FAE04EC0-301F-11D3-BF4B-00C04F79EFBC}") = "BouncyCastles.Domain", "BouncyCastles.Domain\BouncyCastles.Domain.csproj", "{8298BED8-6695-47F1-A090-AC7588521809}"
EndProject
Global
	GlobalSection(SolutionConfigurationPlatforms) = preSolution
		Debug|Any CPU = Debug|Any CPU
		Release|Any CPU = Release|Any CPU
	EndGlobalSection
	GlobalSection(ProjectConfigurationPlatforms) = postSolution
		{5CEE2C04-3BBD-4D64-BD6C-CA8513DA47CE}.Debug|Any CPU.ActiveCfg = Debug|Any CPU
		{5CEE2C04-3BBD-4D64-BD6C-CA8513DA47CE}.Debug|Any CPU.Build.0 = Debug|Any CPU
		{5CEE2C04-3BBD-4D64-BD6C-CA8513DA47CE}.Release|Any CPU.ActiveCfg = Release|Any CPU
		{5CEE2C04-3BBD-4D64-BD6C-CA8513DA47CE}.Release|Any CPU.Build.0 = Release|Any CPU
		{94F476FC-51BB-49A6-BFA5-1B4DB6F8B212}.Debug|Any CPU.ActiveCfg = Debug|Any CPU
		{94F476FC-51BB-49A6-BFA5-1B4DB6F8B212}.Debug|Any CPU.Build.0 = Debug|Any CPU
		{94F476FC-51BB-49A6-BFA5-1B4DB6F8B212}.Release|Any CPU.ActiveCfg = Release|Any CPU
		{94F476FC-51BB-49A6-BFA5-1B4DB6F8B212}.Release|Any CPU.Build.0 = Release|Any CPU
		{8298BED8-6695-47F1-A090-AC7588521809}.Debug|Any CPU.ActiveCfg = Debug|Any CPU
		{8298BED8-6695-47F1-A090-AC7588521809}.Debug|Any CPU.Build.0 = Debug|Any CPU
		{8298BED8-6695-47F1-A090-AC7588521809}.Release|Any CPU.ActiveCfg = Release|Any CPU
		{8298BED8-6695-47F1-A090-AC7588521809}.Release|Any CPU.Build.0 = Release|Any CPU
	EndGlobalSection
	GlobalSection(SolutionProperties) = preSolution
		HideSolutionNode = FALSE
	EndGlobalSection
EndGlobal
